
Microsoft Visual Studio Solution File, Format Version 12.00
# Visual Studio Version 17
VisualStudioVersion = 17.13.35818.85 d17.13
MinimumVisualStudioVersion = 10.0.40219.1
Project("{FAE04EC0-301F-11D3-BF4B-00C04F79EFBC}") = "Cau4", "Cau4.csproj", "{5EE47C2E-7967-4B22-9E24-539B56B7768C}"
EndProject
Global
	GlobalSection(SolutionConfigurationPlatforms) = preSolution
		Debug|Any CPU = Debug|Any CPU
		Release|Any CPU = Release|Any CPU
	EndGlobalSection
	GlobalSection(ProjectConfigurationPlatforms) = postSolution
		{5EE47C2E-7967-4B22-9E24-539B56B7768C}.Debug|Any CPU.ActiveCfg = Debug|Any CPU
		{5EE47C2E-7967-4B22-9E24-539B56B7768C}.Debug|Any CPU.Build.0 = Debug|Any CPU
		{5EE47C2E-7967-4B22-9E24-539B56B7768C}.Release|Any CPU.ActiveCfg = Release|Any CPU
		{5EE47C2E-7967-4B22-9E24-539B56B7768C}.Release|Any CPU.Build.0 = Release|Any CPU
	EndGlobalSection
	GlobalSection(SolutionProperties) = preSolution
		HideSolutionNode = FALSE
	EndGlobalSection
	GlobalSection(ExtensibilityGlobals) = postSolution
		SolutionGuid = {7DCECE0A-51A0-4796-B2D2-75BA8742C6C5}
	EndGlobalSection
EndGlobal
